
Microsoft Visual Studio Solution File, Format Version 12.00
# Visual Studio Version 17
VisualStudioVersion = 17.12.35527.113
MinimumVisualStudioVersion = 10.0.40219.1
Project("{FAE04EC0-301F-11D3-BF4B-00C04F79EFBC}") = "EchoLife", "EchoLife\EchoLife.csproj", "{4454E44F-6160-48A5-BEA3-E6FB43FE399E}"
EndProject
Project("{FAE04EC0-301F-11D3-BF4B-00C04F79EFBC}") = "EchoLife.Tests", "TestProject1\EchoLife.Tests.csproj", "{FA47FADF-6AA0-4C69-AFB3-4110CAB143A1}"
EndProject
Global
	GlobalSection(SolutionConfigurationPlatforms) = preSolution
		Debug|Any CPU = Debug|Any CPU
		Release|Any CPU = Release|Any CPU
	EndGlobalSection
	GlobalSection(ProjectConfigurationPlatforms) = postSolution
		{4454E44F-6160-48A5-BEA3-E6FB43FE399E}.Debug|Any CPU.ActiveCfg = Debug|Any CPU
		{4454E44F-6160-48A5-BEA3-E6FB43FE399E}.Debug|Any CPU.Build.0 = Debug|Any CPU
		{4454E44F-6160-48A5-BEA3-E6FB43FE399E}.Release|Any CPU.ActiveCfg = Release|Any CPU
		{4454E44F-6160-48A5-BEA3-E6FB43FE399E}.Release|Any CPU.Build.0 = Release|Any CPU
		{FA47FADF-6AA0-4C69-AFB3-4110CAB143A1}.Debug|Any CPU.ActiveCfg = Debug|Any CPU
		{FA47FADF-6AA0-4C69-AFB3-4110CAB143A1}.Debug|Any CPU.Build.0 = Debug|Any CPU
		{FA47FADF-6AA0-4C69-AFB3-4110CAB143A1}.Release|Any CPU.ActiveCfg = Release|Any CPU
		{FA47FADF-6AA0-4C69-AFB3-4110CAB143A1}.Release|Any CPU.Build.0 = Release|Any CPU
	EndGlobalSection
	GlobalSection(SolutionProperties) = preSolution
		HideSolutionNode = FALSE
	EndGlobalSection
EndGlobal
