
Microsoft Visual Studio Solution File, Format Version 12.00
# Visual Studio Version 17
VisualStudioVersion = 17.12.35527.113 d17.12
MinimumVisualStudioVersion = 10.0.40219.1
Project("{FAE04EC0-301F-11D3-BF4B-00C04F79EFBC}") = "EchoLife", "EchoLife\EchoLife.csproj", "{4454E44F-6160-48A5-BEA3-E6FB43FE399E}"
EndProject
Project("{FAE04EC0-301F-11D3-BF4B-00C04F79EFBC}") = "EchoLife.Tests", "EchoLife.Tests\EchoLife.Tests.csproj", "{F61C9B14-0448-4FFA-8EA5-A0E6454C3D2D}"
EndProject
Global
	GlobalSection(SolutionConfigurationPlatforms) = preSolution
		Debug|Any CPU = Debug|Any CPU
		Release|Any CPU = Release|Any CPU
	EndGlobalSection
	GlobalSection(ProjectConfigurationPlatforms) = postSolution
		{4454E44F-6160-48A5-BEA3-E6FB43FE399E}.Debug|Any CPU.ActiveCfg = Debug|Any CPU
		{4454E44F-6160-48A5-BEA3-E6FB43FE399E}.Debug|Any CPU.Build.0 = Debug|Any CPU
		{4454E44F-6160-48A5-BEA3-E6FB43FE399E}.Release|Any CPU.ActiveCfg = Release|Any CPU
		{4454E44F-6160-48A5-BEA3-E6FB43FE399E}.Release|Any CPU.Build.0 = Release|Any CPU
		{F61C9B14-0448-4FFA-8EA5-A0E6454C3D2D}.Debug|Any CPU.ActiveCfg = Debug|Any CPU
		{F61C9B14-0448-4FFA-8EA5-A0E6454C3D2D}.Debug|Any CPU.Build.0 = Debug|Any CPU
		{F61C9B14-0448-4FFA-8EA5-A0E6454C3D2D}.Release|Any CPU.ActiveCfg = Release|Any CPU
		{F61C9B14-0448-4FFA-8EA5-A0E6454C3D2D}.Release|Any CPU.Build.0 = Release|Any CPU
	EndGlobalSection
	GlobalSection(SolutionProperties) = preSolution
		HideSolutionNode = FALSE
	EndGlobalSection
EndGlobal
